
Microsoft Visual Studio Solution File, Format Version 12.00
# Visual Studio Version 16
VisualStudioVersion = 16.0.30907.101
MinimumVisualStudioVersion = 10.0.40219.1
Project("{FAE04EC0-301F-11D3-BF4B-00C04F79EFBC}") = "Task1", "Task1\Task1.csproj", "{8376DB18-4886-46C2-B667-67A9A29FB0C6}"
EndProject
Project("{FAE04EC0-301F-11D3-BF4B-00C04F79EFBC}") = "Task2", "Task2\Task2.csproj", "{4AC5C483-255B-449B-A811-A298245A2F63}"
EndProject
Global
	GlobalSection(SolutionConfigurationPlatforms) = preSolution
		Debug|Any CPU = Debug|Any CPU
		Release|Any CPU = Release|Any CPU
	EndGlobalSection
	GlobalSection(ProjectConfigurationPlatforms) = postSolution
		{8376DB18-4886-46C2-B667-67A9A29FB0C6}.Debug|Any CPU.ActiveCfg = Debug|Any CPU
		{8376DB18-4886-46C2-B667-67A9A29FB0C6}.Debug|Any CPU.Build.0 = Debug|Any CPU
		{8376DB18-4886-46C2-B667-67A9A29FB0C6}.Release|Any CPU.ActiveCfg = Release|Any CPU
		{8376DB18-4886-46C2-B667-67A9A29FB0C6}.Release|Any CPU.Build.0 = Release|Any CPU
		{4AC5C483-255B-449B-A811-A298245A2F63}.Debug|Any CPU.ActiveCfg = Debug|Any CPU
		{4AC5C483-255B-449B-A811-A298245A2F63}.Debug|Any CPU.Build.0 = Debug|Any CPU
		{4AC5C483-255B-449B-A811-A298245A2F63}.Release|Any CPU.ActiveCfg = Release|Any CPU
		{4AC5C483-255B-449B-A811-A298245A2F63}.Release|Any CPU.Build.0 = Release|Any CPU
	EndGlobalSection
	GlobalSection(SolutionProperties) = preSolution
		HideSolutionNode = FALSE
	EndGlobalSection
	GlobalSection(ExtensibilityGlobals) = postSolution
		SolutionGuid = {129CC093-1895-4885-86B5-4AB3E23319E0}
	EndGlobalSection
EndGlobal
